
Microsoft Visual Studio Solution File, Format Version 12.00
# Visual Studio Version 16
VisualStudioVersion = 16.0.30011.22
MinimumVisualStudioVersion = 10.0.40219.1
Project("{2150E333-8FDC-42A3-9474-1A3956D46DE8}") = "Services", "Services", "{C0BF3971-9A9E-4D9B-8356-87FFB612ACB4}"
EndProject
Project("{2150E333-8FDC-42A3-9474-1A3956D46DE8}") = "WebApps", "WebApps", "{FD21FDF2-6468-4B3E-907C-D0F9A32601E1}"
EndProject
Project("{2150E333-8FDC-42A3-9474-1A3956D46DE8}") = "Cadastros", "Cadastros", "{EA73B569-7DC7-43DA-88A0-A8E87CE1C7A2}"
EndProject
Project("{2150E333-8FDC-42A3-9474-1A3956D46DE8}") = "Catalogo", "Catalogo", "{DE548ADF-E298-44AF-A5B4-29CA86936833}"
EndProject
Project("{2150E333-8FDC-42A3-9474-1A3956D46DE8}") = "Core", "Core", "{72EB87DE-B4A0-409F-A07A-6B03A97953D9}"
EndProject
Project("{2150E333-8FDC-42A3-9474-1A3956D46DE8}") = "Fiscal", "Fiscal", "{EFFB99CF-C24F-4661-9E7D-0D47D74881FC}"
EndProject
Project("{2150E333-8FDC-42A3-9474-1A3956D46DE8}") = "Pagamentos", "Pagamentos", "{CCF927AD-7A8B-4BF5-9A21-E50B824AC362}"
EndProject
Project("{2150E333-8FDC-42A3-9474-1A3956D46DE8}") = "Vendas", "Vendas", "{B0EEC92F-7220-4115-86FF-3E8EB6C319E6}"
EndProject
Project("{9A19103F-16F7-4668-BE54-9A1E7A4F7556}") = "NerdStore.Catalogo.Domain", "src\NerdStore.Catalogo.Domain\NerdStore.Catalogo.Domain.csproj", "{6C4E75A2-6867-4F3B-96BF-A8D6C2C08DB6}"
EndProject
Project("{9A19103F-16F7-4668-BE54-9A1E7A4F7556}") = "NerdStore.Core", "src\NerdStore.Core\NerdStore.Core.csproj", "{A7E02014-82E1-47CA-8C27-EEC79686FC82}"
EndProject
Project("{2150E333-8FDC-42A3-9474-1A3956D46DE8}") = "Tests", "Tests", "{599243FA-F010-4440-BA36-56F27BF11A57}"
EndProject
Project("{9A19103F-16F7-4668-BE54-9A1E7A4F7556}") = "NerdStore.Catalogo.Domain.Tests", "tests\NerdStore.Catalogo.Domain.Tests\NerdStore.Catalogo.Domain.Tests.csproj", "{ECA48B30-18E6-4E6A-AD7B-E1B77C8BBFC3}"
EndProject
Project("{9A19103F-16F7-4668-BE54-9A1E7A4F7556}") = "NerdStore.Catalogo.Data", "src\NerdStore.Catalogo.Data\NerdStore.Catalogo.Data.csproj", "{39204CB7-2A27-4058-BAD2-B25ABD8BB557}"
EndProject
Project("{9A19103F-16F7-4668-BE54-9A1E7A4F7556}") = "NerdStore.Catalogo.Application", "src\NerdStore.Catalogo.Application\NerdStore.Catalogo.Application.csproj", "{F6F0EA94-BEFB-4482-BBA6-9EFBF69B4E54}"
EndProject
Project("{9A19103F-16F7-4668-BE54-9A1E7A4F7556}") = "NerdStore.WebApp.MVC", "src\NerdStore.WebApp.MVC\NerdStore.WebApp.MVC.csproj", "{ECB12B76-819D-4C75-8AE8-7DFBC3E7FD06}"
EndProject
Project("{9A19103F-16F7-4668-BE54-9A1E7A4F7556}") = "NerdStore.Vendas.Domain", "src\NerdStore.Vendas.Domain\NerdStore.Vendas.Domain.csproj", "{60396C38-06F7-49C2-9DAC-00F35908BFDE}"
EndProject
Project("{9A19103F-16F7-4668-BE54-9A1E7A4F7556}") = "NerdStore.Vendas.Application", "src\NerdStore.Vendas.Application\NerdStore.Vendas.Application.csproj", "{994468FA-1155-4B4C-81E2-45389B30C5BE}"
EndProject
Project("{9A19103F-16F7-4668-BE54-9A1E7A4F7556}") = "NerdStore.Vendas.Data", "src\NerdStore.Vendas.Data\NerdStore.Vendas.Data.csproj", "{A44229A8-0440-4F68-9C09-1E2FF5EC5021}"
EndProject
Project("{9A19103F-16F7-4668-BE54-9A1E7A4F7556}") = "NerdStore.Pagamentos.AntiCorruption", "src\NerdStore.Pagamentos.AntiCorruption\NerdStore.Pagamentos.AntiCorruption.csproj", "{76E10662-5B07-428D-AFBE-CFA3EC256227}"
EndProject
Project("{9A19103F-16F7-4668-BE54-9A1E7A4F7556}") = "NerdStore.Pagamentos.Business", "src\NerdStore.Pagamentos.Business\NerdStore.Pagamentos.Business.csproj", "{78BE3EDE-9ECD-4C22-B09B-8EAA61C23854}"
EndProject
Project("{9A19103F-16F7-4668-BE54-9A1E7A4F7556}") = "NerdStore.Pagamentos.Data", "src\NerdStore.Pagamentos.Data\NerdStore.Pagamentos.Data.csproj", "{0540768C-3AA5-467E-BAEE-474A60716568}"
EndProject
Project("{2150E333-8FDC-42A3-9474-1A3956D46DE8}") = "BuildingBlocks", "BuildingBlocks", "{BB746527-C413-4826-B3C3-4ADD601F079F}"
EndProject
Project("{FAE04EC0-301F-11D3-BF4B-00C04F79EFBC}") = "EventSourcing", "src\EventSourcing\EventSourcing.csproj", "{21367DD5-5D7A-44BA-BA97-1F6C88ADFBDB}"
EndProject
Global
	GlobalSection(SolutionConfigurationPlatforms) = preSolution
		Debug|Any CPU = Debug|Any CPU
		Release|Any CPU = Release|Any CPU
	EndGlobalSection
	GlobalSection(ProjectConfigurationPlatforms) = postSolution
		{6C4E75A2-6867-4F3B-96BF-A8D6C2C08DB6}.Debug|Any CPU.ActiveCfg = Debug|Any CPU
		{6C4E75A2-6867-4F3B-96BF-A8D6C2C08DB6}.Debug|Any CPU.Build.0 = Debug|Any CPU
		{6C4E75A2-6867-4F3B-96BF-A8D6C2C08DB6}.Release|Any CPU.ActiveCfg = Release|Any CPU
		{6C4E75A2-6867-4F3B-96BF-A8D6C2C08DB6}.Release|Any CPU.Build.0 = Release|Any CPU
		{A7E02014-82E1-47CA-8C27-EEC79686FC82}.Debug|Any CPU.ActiveCfg = Debug|Any CPU
		{A7E02014-82E1-47CA-8C27-EEC79686FC82}.Debug|Any CPU.Build.0 = Debug|Any CPU
		{A7E02014-82E1-47CA-8C27-EEC79686FC82}.Release|Any CPU.ActiveCfg = Release|Any CPU
		{A7E02014-82E1-47CA-8C27-EEC79686FC82}.Release|Any CPU.Build.0 = Release|Any CPU
		{ECA48B30-18E6-4E6A-AD7B-E1B77C8BBFC3}.Debug|Any CPU.ActiveCfg = Debug|Any CPU
		{ECA48B30-18E6-4E6A-AD7B-E1B77C8BBFC3}.Debug|Any CPU.Build.0 = Debug|Any CPU
		{ECA48B30-18E6-4E6A-AD7B-E1B77C8BBFC3}.Release|Any CPU.ActiveCfg = Release|Any CPU
		{ECA48B30-18E6-4E6A-AD7B-E1B77C8BBFC3}.Release|Any CPU.Build.0 = Release|Any CPU
		{39204CB7-2A27-4058-BAD2-B25ABD8BB557}.Debug|Any CPU.ActiveCfg = Debug|Any CPU
		{39204CB7-2A27-4058-BAD2-B25ABD8BB557}.Debug|Any CPU.Build.0 = Debug|Any CPU
		{39204CB7-2A27-4058-BAD2-B25ABD8BB557}.Release|Any CPU.ActiveCfg = Release|Any CPU
		{39204CB7-2A27-4058-BAD2-B25ABD8BB557}.Release|Any CPU.Build.0 = Release|Any CPU
		{F6F0EA94-BEFB-4482-BBA6-9EFBF69B4E54}.Debug|Any CPU.ActiveCfg = Debug|Any CPU
		{F6F0EA94-BEFB-4482-BBA6-9EFBF69B4E54}.Debug|Any CPU.Build.0 = Debug|Any CPU
		{F6F0EA94-BEFB-4482-BBA6-9EFBF69B4E54}.Release|Any CPU.ActiveCfg = Release|Any CPU
		{F6F0EA94-BEFB-4482-BBA6-9EFBF69B4E54}.Release|Any CPU.Build.0 = Release|Any CPU
		{ECB12B76-819D-4C75-8AE8-7DFBC3E7FD06}.Debug|Any CPU.ActiveCfg = Debug|Any CPU
		{ECB12B76-819D-4C75-8AE8-7DFBC3E7FD06}.Debug|Any CPU.Build.0 = Debug|Any CPU
		{ECB12B76-819D-4C75-8AE8-7DFBC3E7FD06}.Release|Any CPU.ActiveCfg = Release|Any CPU
		{ECB12B76-819D-4C75-8AE8-7DFBC3E7FD06}.Release|Any CPU.Build.0 = Release|Any CPU
		{60396C38-06F7-49C2-9DAC-00F35908BFDE}.Debug|Any CPU.ActiveCfg = Debug|Any CPU
		{60396C38-06F7-49C2-9DAC-00F35908BFDE}.Debug|Any CPU.Build.0 = Debug|Any CPU
		{60396C38-06F7-49C2-9DAC-00F35908BFDE}.Release|Any CPU.ActiveCfg = Release|Any CPU
		{60396C38-06F7-49C2-9DAC-00F35908BFDE}.Release|Any CPU.Build.0 = Release|Any CPU
		{994468FA-1155-4B4C-81E2-45389B30C5BE}.Debug|Any CPU.ActiveCfg = Debug|Any CPU
		{994468FA-1155-4B4C-81E2-45389B30C5BE}.Debug|Any CPU.Build.0 = Debug|Any CPU
		{994468FA-1155-4B4C-81E2-45389B30C5BE}.Release|Any CPU.ActiveCfg = Release|Any CPU
		{994468FA-1155-4B4C-81E2-45389B30C5BE}.Release|Any CPU.Build.0 = Release|Any CPU
		{A44229A8-0440-4F68-9C09-1E2FF5EC5021}.Debug|Any CPU.ActiveCfg = Debug|Any CPU
		{A44229A8-0440-4F68-9C09-1E2FF5EC5021}.Debug|Any CPU.Build.0 = Debug|Any CPU
		{A44229A8-0440-4F68-9C09-1E2FF5EC5021}.Release|Any CPU.ActiveCfg = Release|Any CPU
		{A44229A8-0440-4F68-9C09-1E2FF5EC5021}.Release|Any CPU.Build.0 = Release|Any CPU
		{76E10662-5B07-428D-AFBE-CFA3EC256227}.Debug|Any CPU.ActiveCfg = Debug|Any CPU
		{76E10662-5B07-428D-AFBE-CFA3EC256227}.Debug|Any CPU.Build.0 = Debug|Any CPU
		{76E10662-5B07-428D-AFBE-CFA3EC256227}.Release|Any CPU.ActiveCfg = Release|Any CPU
		{76E10662-5B07-428D-AFBE-CFA3EC256227}.Release|Any CPU.Build.0 = Release|Any CPU
		{78BE3EDE-9ECD-4C22-B09B-8EAA61C23854}.Debug|Any CPU.ActiveCfg = Debug|Any CPU
		{78BE3EDE-9ECD-4C22-B09B-8EAA61C23854}.Debug|Any CPU.Build.0 = Debug|Any CPU
		{78BE3EDE-9ECD-4C22-B09B-8EAA61C23854}.Release|Any CPU.ActiveCfg = Release|Any CPU
		{78BE3EDE-9ECD-4C22-B09B-8EAA61C23854}.Release|Any CPU.Build.0 = Release|Any CPU
		{0540768C-3AA5-467E-BAEE-474A60716568}.Debug|Any CPU.ActiveCfg = Debug|Any CPU
		{0540768C-3AA5-467E-BAEE-474A60716568}.Debug|Any CPU.Build.0 = Debug|Any CPU
		{0540768C-3AA5-467E-BAEE-474A60716568}.Release|Any CPU.ActiveCfg = Release|Any CPU
		{0540768C-3AA5-467E-BAEE-474A60716568}.Release|Any CPU.Build.0 = Release|Any CPU
		{21367DD5-5D7A-44BA-BA97-1F6C88ADFBDB}.Debug|Any CPU.ActiveCfg = Debug|Any CPU
		{21367DD5-5D7A-44BA-BA97-1F6C88ADFBDB}.Debug|Any CPU.Build.0 = Debug|Any CPU
		{21367DD5-5D7A-44BA-BA97-1F6C88ADFBDB}.Release|Any CPU.ActiveCfg = Release|Any CPU
		{21367DD5-5D7A-44BA-BA97-1F6C88ADFBDB}.Release|Any CPU.Build.0 = Release|Any CPU
	EndGlobalSection
	GlobalSection(SolutionProperties) = preSolution
		HideSolutionNode = FALSE
	EndGlobalSection
	GlobalSection(NestedProjects) = preSolution
		{EA73B569-7DC7-43DA-88A0-A8E87CE1C7A2} = {C0BF3971-9A9E-4D9B-8356-87FFB612ACB4}
		{DE548ADF-E298-44AF-A5B4-29CA86936833} = {C0BF3971-9A9E-4D9B-8356-87FFB612ACB4}
		{72EB87DE-B4A0-409F-A07A-6B03A97953D9} = {C0BF3971-9A9E-4D9B-8356-87FFB612ACB4}
		{EFFB99CF-C24F-4661-9E7D-0D47D74881FC} = {C0BF3971-9A9E-4D9B-8356-87FFB612ACB4}
		{CCF927AD-7A8B-4BF5-9A21-E50B824AC362} = {C0BF3971-9A9E-4D9B-8356-87FFB612ACB4}
		{B0EEC92F-7220-4115-86FF-3E8EB6C319E6} = {C0BF3971-9A9E-4D9B-8356-87FFB612ACB4}
		{6C4E75A2-6867-4F3B-96BF-A8D6C2C08DB6} = {DE548ADF-E298-44AF-A5B4-29CA86936833}
		{A7E02014-82E1-47CA-8C27-EEC79686FC82} = {72EB87DE-B4A0-409F-A07A-6B03A97953D9}
		{599243FA-F010-4440-BA36-56F27BF11A57} = {DE548ADF-E298-44AF-A5B4-29CA86936833}
		{ECA48B30-18E6-4E6A-AD7B-E1B77C8BBFC3} = {599243FA-F010-4440-BA36-56F27BF11A57}
		{39204CB7-2A27-4058-BAD2-B25ABD8BB557} = {DE548ADF-E298-44AF-A5B4-29CA86936833}
		{F6F0EA94-BEFB-4482-BBA6-9EFBF69B4E54} = {DE548ADF-E298-44AF-A5B4-29CA86936833}
		{ECB12B76-819D-4C75-8AE8-7DFBC3E7FD06} = {FD21FDF2-6468-4B3E-907C-D0F9A32601E1}
		{60396C38-06F7-49C2-9DAC-00F35908BFDE} = {B0EEC92F-7220-4115-86FF-3E8EB6C319E6}
		{994468FA-1155-4B4C-81E2-45389B30C5BE} = {B0EEC92F-7220-4115-86FF-3E8EB6C319E6}
		{A44229A8-0440-4F68-9C09-1E2FF5EC5021} = {B0EEC92F-7220-4115-86FF-3E8EB6C319E6}
		{76E10662-5B07-428D-AFBE-CFA3EC256227} = {CCF927AD-7A8B-4BF5-9A21-E50B824AC362}
		{78BE3EDE-9ECD-4C22-B09B-8EAA61C23854} = {CCF927AD-7A8B-4BF5-9A21-E50B824AC362}
		{0540768C-3AA5-467E-BAEE-474A60716568} = {CCF927AD-7A8B-4BF5-9A21-E50B824AC362}
		{21367DD5-5D7A-44BA-BA97-1F6C88ADFBDB} = {BB746527-C413-4826-B3C3-4ADD601F079F}
	EndGlobalSection
	GlobalSection(ExtensibilityGlobals) = postSolution
		SolutionGuid = {73AF2B20-86CE-4D1F-B4E8-AEA89A481F71}
	EndGlobalSection
EndGlobal
